
Microsoft Visual Studio Solution File, Format Version 12.00
# Visual Studio Version 16
VisualStudioVersion = 16.0.31019.35
MinimumVisualStudioVersion = 10.0.40219.1
Project("{FAE04EC0-301F-11D3-BF4B-00C04F79EFBC}") = "FormularioSoles", "FormularioSoles\FormularioSoles.csproj", "{64639E3D-FD7C-4907-B151-96626E43CD0A}"
EndProject
Global
	GlobalSection(SolutionConfigurationPlatforms) = preSolution
		Debug|Any CPU = Debug|Any CPU
		Release|Any CPU = Release|Any CPU
	EndGlobalSection
	GlobalSection(ProjectConfigurationPlatforms) = postSolution
		{64639E3D-FD7C-4907-B151-96626E43CD0A}.Debug|Any CPU.ActiveCfg = Debug|Any CPU
		{64639E3D-FD7C-4907-B151-96626E43CD0A}.Debug|Any CPU.Build.0 = Debug|Any CPU
		{64639E3D-FD7C-4907-B151-96626E43CD0A}.Release|Any CPU.ActiveCfg = Release|Any CPU
		{64639E3D-FD7C-4907-B151-96626E43CD0A}.Release|Any CPU.Build.0 = Release|Any CPU
	EndGlobalSection
	GlobalSection(SolutionProperties) = preSolution
		HideSolutionNode = FALSE
	EndGlobalSection
	GlobalSection(ExtensibilityGlobals) = postSolution
		SolutionGuid = {994E2DDD-EBB6-4996-9B61-B2793852601C}
	EndGlobalSection
EndGlobal
